
Microsoft Visual Studio Solution File, Format Version 12.00
# Visual Studio 15
VisualStudioVersion = 15.0.28010.2036
MinimumVisualStudioVersion = 10.0.40219.1
Project("{9A19103F-16F7-4668-BE54-9A1E7A4F7556}") = "ClassStudent.API", "ClassStudent.API\ClassStudent.API.csproj", "{D3F3B7B4-1144-4DA6-84F4-877B36ECB642}"
EndProject
Project("{9A19103F-16F7-4668-BE54-9A1E7A4F7556}") = "ClassStudent.DAL", "ClassStudent.DAL\ClassStudent.DAL.csproj", "{F1FE09EC-C9AD-4351-9771-291B6C1B2327}"
EndProject
Project("{9A19103F-16F7-4668-BE54-9A1E7A4F7556}") = "ClassStudent.DTO", "ClassStudent.DTO\ClassStudent.DTO.csproj", "{3C35A9B0-5D51-4FD2-A44F-1693732E4106}"
EndProject
Project("{FAE04EC0-301F-11D3-BF4B-00C04F79EFBC}") = "ClassStudent.MSTest", "ClassStudent.MSTest\ClassStudent.MSTest.csproj", "{EA49EB92-3122-42D8-B255-D57CB1BE456F}"
EndProject
Global
	GlobalSection(SolutionConfigurationPlatforms) = preSolution
		Debug|Any CPU = Debug|Any CPU
		Release|Any CPU = Release|Any CPU
	EndGlobalSection
	GlobalSection(ProjectConfigurationPlatforms) = postSolution
		{D3F3B7B4-1144-4DA6-84F4-877B36ECB642}.Debug|Any CPU.ActiveCfg = Debug|Any CPU
		{D3F3B7B4-1144-4DA6-84F4-877B36ECB642}.Debug|Any CPU.Build.0 = Debug|Any CPU
		{D3F3B7B4-1144-4DA6-84F4-877B36ECB642}.Release|Any CPU.ActiveCfg = Release|Any CPU
		{D3F3B7B4-1144-4DA6-84F4-877B36ECB642}.Release|Any CPU.Build.0 = Release|Any CPU
		{F1FE09EC-C9AD-4351-9771-291B6C1B2327}.Debug|Any CPU.ActiveCfg = Debug|Any CPU
		{F1FE09EC-C9AD-4351-9771-291B6C1B2327}.Debug|Any CPU.Build.0 = Debug|Any CPU
		{F1FE09EC-C9AD-4351-9771-291B6C1B2327}.Release|Any CPU.ActiveCfg = Release|Any CPU
		{F1FE09EC-C9AD-4351-9771-291B6C1B2327}.Release|Any CPU.Build.0 = Release|Any CPU
		{3C35A9B0-5D51-4FD2-A44F-1693732E4106}.Debug|Any CPU.ActiveCfg = Debug|Any CPU
		{3C35A9B0-5D51-4FD2-A44F-1693732E4106}.Debug|Any CPU.Build.0 = Debug|Any CPU
		{3C35A9B0-5D51-4FD2-A44F-1693732E4106}.Release|Any CPU.ActiveCfg = Release|Any CPU
		{3C35A9B0-5D51-4FD2-A44F-1693732E4106}.Release|Any CPU.Build.0 = Release|Any CPU
		{EA49EB92-3122-42D8-B255-D57CB1BE456F}.Debug|Any CPU.ActiveCfg = Debug|Any CPU
		{EA49EB92-3122-42D8-B255-D57CB1BE456F}.Debug|Any CPU.Build.0 = Debug|Any CPU
		{EA49EB92-3122-42D8-B255-D57CB1BE456F}.Release|Any CPU.ActiveCfg = Release|Any CPU
		{EA49EB92-3122-42D8-B255-D57CB1BE456F}.Release|Any CPU.Build.0 = Release|Any CPU
	EndGlobalSection
	GlobalSection(SolutionProperties) = preSolution
		HideSolutionNode = FALSE
	EndGlobalSection
	GlobalSection(ExtensibilityGlobals) = postSolution
		SolutionGuid = {3DB9CD4B-C328-4FC1-ABE3-560BC8B3668C}
	EndGlobalSection
EndGlobal
